
Microsoft Visual Studio Solution File, Format Version 12.00
# Visual Studio Version 16
VisualStudioVersion = 16.0.31410.357
MinimumVisualStudioVersion = 10.0.40219.1
Project("{FAE04EC0-301F-11D3-BF4B-00C04F79EFBC}") = "MVC_CORE_Employee_Registration", "MVC_CORE_Employee_Registration\MVC_CORE_Employee_Registration.csproj", "{98F17A8A-C22D-4399-9F1A-159BA49D3121}"
EndProject
Global
	GlobalSection(SolutionConfigurationPlatforms) = preSolution
		Debug|Any CPU = Debug|Any CPU
		Release|Any CPU = Release|Any CPU
	EndGlobalSection
	GlobalSection(ProjectConfigurationPlatforms) = postSolution
		{98F17A8A-C22D-4399-9F1A-159BA49D3121}.Debug|Any CPU.ActiveCfg = Debug|Any CPU
		{98F17A8A-C22D-4399-9F1A-159BA49D3121}.Debug|Any CPU.Build.0 = Debug|Any CPU
		{98F17A8A-C22D-4399-9F1A-159BA49D3121}.Release|Any CPU.ActiveCfg = Release|Any CPU
		{98F17A8A-C22D-4399-9F1A-159BA49D3121}.Release|Any CPU.Build.0 = Release|Any CPU
	EndGlobalSection
	GlobalSection(SolutionProperties) = preSolution
		HideSolutionNode = FALSE
	EndGlobalSection
	GlobalSection(ExtensibilityGlobals) = postSolution
		SolutionGuid = {1C9A09C0-B0E8-43A8-8FA3-47ED750F94BF}
	EndGlobalSection
EndGlobal
